PODS:
  - boost (1.76.0)
  - DoubleConversion (1.1.6)
  - FBLazyVector (0.68.54)
  - FBReactNativeSpec (0.68.54):
    - RCT-Folly (= 2021.06.28.00-v2)
    - RCTRequired (= 0.68.54)
    - RCTTypeSafety (= 0.68.54)
    - React-Core (= 0.68.54)
    - React-jsi (= 0.68.54)
    - ReactCommon/turbomodule/core (= 0.68.54)
  - fmt (6.2.1)
  - glog (0.3.5)
  - HotKey (0.1.2)
  - KeychainAccess (4.2.2)
  - RCT-Folly (2021.06.28.00-v2):
    - boost
    - DoubleConversion
    - fmt (~> 6.2.1)
    - glog
    - RCT-Folly/Default (= 2021.06.28.00-v2)
  - RCT-Folly/Default (2021.06.28.00-v2):
    - boost
    - DoubleConversion
    - fmt (~> 6.2.1)
    - glog
  - RCTRequired (0.68.54)
  - RCTTypeSafety (0.68.54):
    - FBLazyVector (= 0.68.54)
    - RCT-Folly (= 2021.06.28.00-v2)
    - RCTRequired (= 0.68.54)
    - React-Core (= 0.68.54)
  - React (0.68.54):
    - React-Core (= 0.68.54)
    - React-Core/DevSupport (= 0.68.54)
    - React-Core/RCTWebSocket (= 0.68.54)
    - React-RCTActionSheet (= 0.68.54)
    - React-RCTAnimation (= 0.68.54)
    - React-RCTBlob (= 0.68.54)
    - React-RCTImage (= 0.68.54)
    - React-RCTLinking (= 0.68.54)
    - React-RCTNetwork (= 0.68.54)
    - React-RCTSettings (= 0.68.54)
    - React-RCTText (= 0.68.54)
    - React-RCTVibration (= 0.68.54)
  - React-callinvoker (0.68.54)
  - React-Codegen (0.68.54):
    - FBReactNativeSpec (= 0.68.54)
    - RCT-Folly (= 2021.06.28.00-v2)
    - RCTRequired (= 0.68.54)
    - RCTTypeSafety (= 0.68.54)
    - React-Core (= 0.68.54)
    - React-jsi (= 0.68.54)
    - React-jsiexecutor (= 0.68.54)
    - ReactCommon/turbomodule/core (= 0.68.54)
  - React-Core (0.68.54):
    - glog
    - RCT-Folly (= 2021.06.28.00-v2)
    - React-Core/Default (= 0.68.54)
    - React-cxxreact (= 0.68.54)
    - React-jsi (= 0.68.54)
    - React-jsiexecutor (= 0.68.54)
    - React-perflogger (= 0.68.54)
    - Yoga
  - React-Core/CoreModulesHeaders (0.68.54):
    - glog
    - RCT-Folly (= 2021.06.28.00-v2)
    - React-Core/Default
    - React-cxxreact (= 0.68.54)
    - React-jsi (= 0.68.54)
    - React-jsiexecutor (= 0.68.54)
    - React-perflogger (= 0.68.54)
    - Yoga
  - React-Core/Default (0.68.54):
    - glog
    - RCT-Folly (= 2021.06.28.00-v2)
    - React-cxxreact (= 0.68.54)
    - React-jsi (= 0.68.54)
    - React-jsiexecutor (= 0.68.54)
    - React-perflogger (= 0.68.54)
    - Yoga
  - React-Core/DevSupport (0.68.54):
    - glog
    - RCT-Folly (= 2021.06.28.00-v2)
    - React-Core/Default (= 0.68.54)
    - React-Core/RCTWebSocket (= 0.68.54)
    - React-cxxreact (= 0.68.54)
    - React-jsi (= 0.68.54)
    - React-jsiexecutor (= 0.68.54)
    - React-jsinspector (= 0.68.54)
    - React-perflogger (= 0.68.54)
    - Yoga
  - React-Core/RCTActionSheetHeaders (0.68.54):
    - glog
    - RCT-Folly (= 2021.06.28.00-v2)
    - React-Core/Default
    - React-cxxreact (= 0.68.54)
    - React-jsi (= 0.68.54)
    - React-jsiexecutor (= 0.68.54)
    - React-perflogger (= 0.68.54)
    - Yoga
  - React-Core/RCTAnimationHeaders (0.68.54):
    - glog
    - RCT-Folly (= 2021.06.28.00-v2)
    - React-Core/Default
    - React-cxxreact (= 0.68.54)
    - React-jsi (= 0.68.54)
    - React-jsiexecutor (= 0.68.54)
    - React-perflogger (= 0.68.54)
    - Yoga
  - React-Core/RCTBlobHeaders (0.68.54):
    - glog
    - RCT-Folly (= 2021.06.28.00-v2)
    - React-Core/Default
    - React-cxxreact (= 0.68.54)
    - React-jsi (= 0.68.54)
    - React-jsiexecutor (= 0.68.54)
    - React-perflogger (= 0.68.54)
    - Yoga
  - React-Core/RCTImageHeaders (0.68.54):
    - glog
    - RCT-Folly (= 2021.06.28.00-v2)
    - React-Core/Default
    - React-cxxreact (= 0.68.54)
    - React-jsi (= 0.68.54)
    - React-jsiexecutor (= 0.68.54)
    - React-perflogger (= 0.68.54)
    - Yoga
  - React-Core/RCTLinkingHeaders (0.68.54):
    - glog
    - RCT-Folly (= 2021.06.28.00-v2)
    - React-Core/Default
    - React-cxxreact (= 0.68.54)
    - React-jsi (= 0.68.54)
    - React-jsiexecutor (= 0.68.54)
    - React-perflogger (= 0.68.54)
    - Yoga
  - React-Core/RCTNetworkHeaders (0.68.54):
    - glog
    - RCT-Folly (= 2021.06.28.00-v2)
    - React-Core/Default
    - React-cxxreact (= 0.68.54)
    - React-jsi (= 0.68.54)
    - React-jsiexecutor (= 0.68.54)
    - React-perflogger (= 0.68.54)
    - Yoga
  - React-Core/RCTSettingsHeaders (0.68.54):
    - glog
    - RCT-Folly (= 2021.06.28.00-v2)
    - React-Core/Default
    - React-cxxreact (= 0.68.54)
    - React-jsi (= 0.68.54)
    - React-jsiexecutor (= 0.68.54)
    - React-perflogger (= 0.68.54)
    - Yoga
  - React-Core/RCTTextHeaders (0.68.54):
    - glog
    - RCT-Folly (= 2021.06.28.00-v2)
    - React-Core/Default
    - React-cxxreact (= 0.68.54)
    - React-jsi (= 0.68.54)
    - React-jsiexecutor (= 0.68.54)
    - React-perflogger (= 0.68.54)
    - Yoga
  - React-Core/RCTVibrationHeaders (0.68.54):
    - glog
    - RCT-Folly (= 2021.06.28.00-v2)
    - React-Core/Default
    - React-cxxreact (= 0.68.54)
    - React-jsi (= 0.68.54)
    - React-jsiexecutor (= 0.68.54)
    - React-perflogger (= 0.68.54)
    - Yoga
  - React-Core/RCTWebSocket (0.68.54):
    - glog
    - RCT-Folly (= 2021.06.28.00-v2)
    - React-Core/Default (= 0.68.54)
    - React-cxxreact (= 0.68.54)
    - React-jsi (= 0.68.54)
    - React-jsiexecutor (= 0.68.54)
    - React-perflogger (= 0.68.54)
    - Yoga
  - React-CoreModules (0.68.54):
    - RCT-Folly (= 2021.06.28.00-v2)
    - RCTTypeSafety (= 0.68.54)
    - React-Codegen (= 0.68.54)
    - React-Core/CoreModulesHeaders (= 0.68.54)
    - React-jsi (= 0.68.54)
    - React-RCTImage (= 0.68.54)
    - ReactCommon/turbomodule/core (= 0.68.54)
  - React-cxxreact (0.68.54):
    - boost (= 1.76.0)
    - DoubleConversion
    - glog
    - RCT-Folly (= 2021.06.28.00-v2)
    - React-callinvoker (= 0.68.54)
    - React-jsi (= 0.68.54)
    - React-jsinspector (= 0.68.54)
    - React-logger (= 0.68.54)
    - React-perflogger (= 0.68.54)
    - React-runtimeexecutor (= 0.68.54)
  - React-jsi (0.68.54):
    - boost (= 1.76.0)
    - DoubleConversion
    - glog
    - RCT-Folly (= 2021.06.28.00-v2)
    - React-jsi/Default (= 0.68.54)
  - React-jsi/Default (0.68.54):
    - boost (= 1.76.0)
    - DoubleConversion
    - glog
    - RCT-Folly (= 2021.06.28.00-v2)
  - React-jsiexecutor (0.68.54):
    - DoubleConversion
    - glog
    - RCT-Folly (= 2021.06.28.00-v2)
    - React-cxxreact (= 0.68.54)
    - React-jsi (= 0.68.54)
    - React-perflogger (= 0.68.54)
  - React-jsinspector (0.68.54)
  - React-logger (0.68.54):
    - glog
  - react-native-webview (11.23.1):
    - React-Core
  - React-perflogger (0.68.54)
  - React-RCTActionSheet (0.68.54):
    - React-Core/RCTActionSheetHeaders (= 0.68.54)
  - React-RCTAnimation (0.68.54):
    - RCT-Folly (= 2021.06.28.00-v2)
    - RCTTypeSafety (= 0.68.54)
    - React-Codegen (= 0.68.54)
    - React-Core/RCTAnimationHeaders (= 0.68.54)
    - React-jsi (= 0.68.54)
    - ReactCommon/turbomodule/core (= 0.68.54)
  - React-RCTBlob (0.68.54):
    - RCT-Folly (= 2021.06.28.00-v2)
    - React-Codegen (= 0.68.54)
    - React-Core/RCTBlobHeaders (= 0.68.54)
    - React-Core/RCTWebSocket (= 0.68.54)
    - React-jsi (= 0.68.54)
    - React-RCTNetwork (= 0.68.54)
    - ReactCommon/turbomodule/core (= 0.68.54)
  - React-RCTImage (0.68.54):
    - RCT-Folly (= 2021.06.28.00-v2)
    - RCTTypeSafety (= 0.68.54)
    - React-Codegen (= 0.68.54)
    - React-Core/RCTImageHeaders (= 0.68.54)
    - React-jsi (= 0.68.54)
    - React-RCTNetwork (= 0.68.54)
    - ReactCommon/turbomodule/core (= 0.68.54)
  - React-RCTLinking (0.68.54):
    - React-Codegen (= 0.68.54)
    - React-Core/RCTLinkingHeaders (= 0.68.54)
    - React-jsi (= 0.68.54)
    - ReactCommon/turbomodule/core (= 0.68.54)
  - React-RCTNetwork (0.68.54):
    - RCT-Folly (= 2021.06.28.00-v2)
    - RCTTypeSafety (= 0.68.54)
    - React-Codegen (= 0.68.54)
    - React-Core/RCTNetworkHeaders (= 0.68.54)
    - React-jsi (= 0.68.54)
    - ReactCommon/turbomodule/core (= 0.68.54)
  - React-RCTSettings (0.68.54):
    - RCT-Folly (= 2021.06.28.00-v2)
    - RCTTypeSafety (= 0.68.54)
    - React-Codegen (= 0.68.54)
    - React-Core/RCTSettingsHeaders (= 0.68.54)
    - React-jsi (= 0.68.54)
    - ReactCommon/turbomodule/core (= 0.68.54)
  - React-RCTText (0.68.54):
    - React-Core/RCTTextHeaders (= 0.68.54)
  - React-RCTVibration (0.68.54):
    - RCT-Folly (= 2021.06.28.00-v2)
    - React-Codegen (= 0.68.54)
    - React-Core/RCTVibrationHeaders (= 0.68.54)
    - React-jsi (= 0.68.54)
    - ReactCommon/turbomodule/core (= 0.68.54)
  - React-runtimeexecutor (0.68.54):
    - React-jsi (= 0.68.54)
  - ReactCommon/turbomodule/core (0.68.54):
    - DoubleConversion
    - glog
    - RCT-Folly (= 2021.06.28.00-v2)
    - React-callinvoker (= 0.68.54)
    - React-Core (= 0.68.54)
    - React-cxxreact (= 0.68.54)
    - React-jsi (= 0.68.54)
    - React-logger (= 0.68.54)
    - React-perflogger (= 0.68.54)
  - RNCPicker (2.4.0):
    - React-Core
  - RNSentry (4.2.3):
    - React-Core
    - Sentry (= 7.23.0)
  - Sentry (7.23.0):
    - Sentry/Core (= 7.23.0)
  - Sentry/Core (7.23.0)
  - Sparkle (2.1.0)
  - Yoga (1.14.0)

DEPENDENCIES:
  - boost (from `../node_modules/react-native-macos/third-party-podspecs/boost.podspec`)
  - DoubleConversion (from `../node_modules/react-native-macos/third-party-podspecs/DoubleConversion.podspec`)
  - FBLazyVector (from `../node_modules/react-native-macos/Libraries/FBLazyVector`)
  - FBReactNativeSpec (from `../node_modules/react-native-macos/React/FBReactNativeSpec`)
  - glog (from `../node_modules/react-native-macos/third-party-podspecs/glog.podspec`)
  - HotKey
  - KeychainAccess
  - RCT-Folly (from `../node_modules/react-native-macos/third-party-podspecs/RCT-Folly.podspec`)
  - RCTRequired (from `../node_modules/react-native-macos/Libraries/RCTRequired`)
  - RCTTypeSafety (from `../node_modules/react-native-macos/Libraries/TypeSafety`)
  - React (from `../node_modules/react-native-macos/`)
  - React-callinvoker (from `../node_modules/react-native-macos/ReactCommon/callinvoker`)
  - React-Codegen (from `build/generated/ios`)
  - React-Core (from `../node_modules/react-native-macos/`)
  - React-Core/DevSupport (from `../node_modules/react-native-macos/`)
  - React-Core/RCTWebSocket (from `../node_modules/react-native-macos/`)
  - React-CoreModules (from `../node_modules/react-native-macos/React/CoreModules`)
  - React-cxxreact (from `../node_modules/react-native-macos/ReactCommon/cxxreact`)
  - React-jsi (from `../node_modules/react-native-macos/ReactCommon/jsi`)
  - React-jsiexecutor (from `../node_modules/react-native-macos/ReactCommon/jsiexecutor`)
  - React-jsinspector (from `../node_modules/react-native-macos/ReactCommon/jsinspector`)
  - React-logger (from `../node_modules/react-native-macos/ReactCommon/logger`)
  - react-native-webview (from `../node_modules/react-native-webview`)
  - React-perflogger (from `../node_modules/react-native-macos/ReactCommon/reactperflogger`)
  - React-RCTActionSheet (from `../node_modules/react-native-macos/Libraries/ActionSheetIOS`)
  - React-RCTAnimation (from `../node_modules/react-native-macos/Libraries/NativeAnimation`)
  - React-RCTBlob (from `../node_modules/react-native-macos/Libraries/Blob`)
  - React-RCTImage (from `../node_modules/react-native-macos/Libraries/Image`)
  - React-RCTLinking (from `../node_modules/react-native-macos/Libraries/LinkingIOS`)
  - React-RCTNetwork (from `../node_modules/react-native-macos/Libraries/Network`)
  - React-RCTSettings (from `../node_modules/react-native-macos/Libraries/Settings`)
  - React-RCTText (from `../node_modules/react-native-macos/Libraries/Text`)
  - React-RCTVibration (from `../node_modules/react-native-macos/Libraries/Vibration`)
  - React-runtimeexecutor (from `../node_modules/react-native-macos/ReactCommon/runtimeexecutor`)
  - ReactCommon/turbomodule/core (from `../node_modules/react-native-macos/ReactCommon`)
  - "RNCPicker (from `../node_modules/@react-native-picker/picker`)"
  - "RNSentry (from `../node_modules/@sentry/react-native`)"
  - Sparkle
  - Yoga (from `../node_modules/react-native-macos/ReactCommon/yoga`)

SPEC REPOS:
  trunk:
    - fmt
    - HotKey
    - KeychainAccess
    - Sentry
    - Sparkle

EXTERNAL SOURCES:
  boost:
    :podspec: "../node_modules/react-native-macos/third-party-podspecs/boost.podspec"
  DoubleConversion:
    :podspec: "../node_modules/react-native-macos/third-party-podspecs/DoubleConversion.podspec"
  FBLazyVector:
    :path: "../node_modules/react-native-macos/Libraries/FBLazyVector"
  FBReactNativeSpec:
    :path: "../node_modules/react-native-macos/React/FBReactNativeSpec"
  glog:
    :podspec: "../node_modules/react-native-macos/third-party-podspecs/glog.podspec"
  RCT-Folly:
    :podspec: "../node_modules/react-native-macos/third-party-podspecs/RCT-Folly.podspec"
  RCTRequired:
    :path: "../node_modules/react-native-macos/Libraries/RCTRequired"
  RCTTypeSafety:
    :path: "../node_modules/react-native-macos/Libraries/TypeSafety"
  React:
    :path: "../node_modules/react-native-macos/"
  React-callinvoker:
    :path: "../node_modules/react-native-macos/ReactCommon/callinvoker"
  React-Codegen:
    :path: build/generated/ios
  React-Core:
    :path: "../node_modules/react-native-macos/"
  React-CoreModules:
    :path: "../node_modules/react-native-macos/React/CoreModules"
  React-cxxreact:
    :path: "../node_modules/react-native-macos/ReactCommon/cxxreact"
  React-jsi:
    :path: "../node_modules/react-native-macos/ReactCommon/jsi"
  React-jsiexecutor:
    :path: "../node_modules/react-native-macos/ReactCommon/jsiexecutor"
  React-jsinspector:
    :path: "../node_modules/react-native-macos/ReactCommon/jsinspector"
  React-logger:
    :path: "../node_modules/react-native-macos/ReactCommon/logger"
  react-native-webview:
    :path: "../node_modules/react-native-webview"
  React-perflogger:
    :path: "../node_modules/react-native-macos/ReactCommon/reactperflogger"
  React-RCTActionSheet:
    :path: "../node_modules/react-native-macos/Libraries/ActionSheetIOS"
  React-RCTAnimation:
    :path: "../node_modules/react-native-macos/Libraries/NativeAnimation"
  React-RCTBlob:
    :path: "../node_modules/react-native-macos/Libraries/Blob"
  React-RCTImage:
    :path: "../node_modules/react-native-macos/Libraries/Image"
  React-RCTLinking:
    :path: "../node_modules/react-native-macos/Libraries/LinkingIOS"
  React-RCTNetwork:
    :path: "../node_modules/react-native-macos/Libraries/Network"
  React-RCTSettings:
    :path: "../node_modules/react-native-macos/Libraries/Settings"
  React-RCTText:
    :path: "../node_modules/react-native-macos/Libraries/Text"
  React-RCTVibration:
    :path: "../node_modules/react-native-macos/Libraries/Vibration"
  React-runtimeexecutor:
    :path: "../node_modules/react-native-macos/ReactCommon/runtimeexecutor"
  ReactCommon:
    :path: "../node_modules/react-native-macos/ReactCommon"
  RNCPicker:
    :path: "../node_modules/@react-native-picker/picker"
  RNSentry:
    :path: "../node_modules/@sentry/react-native"
  Yoga:
    :path: "../node_modules/react-native-macos/ReactCommon/yoga"

SPEC CHECKSUMS:
  boost: 613e39eac4239cc72b15421247b5ab05361266a2
  DoubleConversion: ed15e075aa758ac0e4c1f8b830bd4e4d40d669e8
  FBLazyVector: 5c754a98b1788717d3bd1340606e5385287a319e
  FBReactNativeSpec: 309b869e2992a8b22b7403ee5dab2cb5e9f5e26b
  fmt: ff9d55029c625d3757ed641535fd4a75fedc7ce9
  glog: 42c4bf47024808486e90b25ea9e5ac3959047641
  HotKey: ad59450195936c10992438c4210f673de5aee43e
  KeychainAccess: c0c4f7f38f6fc7bbe58f5702e25f7bd2f65abf51
  RCT-Folly: 43adc9ce880eb76792f88c011773cb5c664c1419
  RCTRequired: 9ef053e811019c7d9172fc3eee3e9c3d566e243d
  RCTTypeSafety: 65f4404615ab773359e5af4bbaa6b63fed04b159
  React: da180e18b635c8a44a590bbf8c2d9c4d05f226c1
  React-callinvoker: 8ead5679d27f2b8557db234551c24083b1a2415c
  React-Codegen: aa2e16d5675c898b716e50378bed7ffc212f56b6
  React-Core: 175c4ed0e41d8fc530c58808ef1b18a442639d6c
  React-CoreModules: 2957db751a7c6897b69e46728cbaf4abe438e9e9
  React-cxxreact: e0e8829ab3d541054f9431917db9bf6181afef96
  React-jsi: 410ac3c9c521be1fc54cb872bd1793c94063c958
  React-jsiexecutor: fdf66e32a914ce02d2ec11f30a96bc6944b7935a
  React-jsinspector: b1c95038a95dc2d18ce7630f2b7d91482b5db01f
  React-logger: bd030448eaab9dae0f2c9c18be898bd084c2dff8
  react-native-webview: d33e2db8925d090871ffeb232dfa50cb3a727581
  React-perflogger: 908a69cb0e1821038cab5e0c329dabfe7d8d51d6
  React-RCTActionSheet: d225bc08efab3a117e15f6e8388bc6b22beaec55
  React-RCTAnimation: 41f0b50f450a5e18382a90ea973c45bfc9e28abd
  React-RCTBlob: 8185fcae21bcbdc1013e0020cf8de1937b054efc
  React-RCTImage: 8434d821f2dbdc07b6cb084683dbb764dd5db69c
  React-RCTLinking: 42211b0c17ac83e3c255167eec40c15de2d2777b
  React-RCTNetwork: 973c0c2f1238a12c565b933e183f4177590f9916
  React-RCTSettings: 5f35e86c208f4eabe806c88d9ff14ed8432a2f2a
  React-RCTText: 9e2a36fc367f44734cc181939bcd25cd2d9f8d84
  React-RCTVibration: 862be0a30585ffd070af406d9eda56ed9303fc2a
  React-runtimeexecutor: b81ac6dea2f26edd110ea2a264801b34d66f94c6
  ReactCommon: 4c4a76325ae0319c2d9b337c48d53f9b3f741a7c
  RNCPicker: 6d5d64e7b90c240c779ee0938ec433c11e2dd758
  RNSentry: 6798624706227656d942849d593f89c8ca3bdde5
  Sentry: a0d4563fa4ddacba31fdcc35daaa8573d87224d6
  Sparkle: 7f5f6d4328458515e23272f4138e610c1fa3e32d
  Yoga: dcf9e7eac68fb6d648381baad9b13300582e9821

PODFILE CHECKSUM: 4efb237278a4fcdfea4bffac8654a9137940a08e

COCOAPODS: 1.11.3
