PODS:
  - boost (1.76.0)
  - DoubleConversion (1.1.6)
  - FBLazyVector (0.68.46)
  - FBReactNativeSpec (0.68.46):
    - RCT-Folly (= 2021.06.28.00-v2)
    - RCTRequired (= 0.68.46)
    - RCTTypeSafety (= 0.68.46)
    - React-Core (= 0.68.46)
    - React-jsi (= 0.68.46)
    - ReactCommon/turbomodule/core (= 0.68.46)
  - fmt (6.2.1)
  - glog (0.3.5)
  - HotKey (0.1.2)
  - RCT-Folly (2021.06.28.00-v2):
    - boost
    - DoubleConversion
    - fmt (~> 6.2.1)
    - glog
    - RCT-Folly/Default (= 2021.06.28.00-v2)
  - RCT-Folly/Default (2021.06.28.00-v2):
    - boost
    - DoubleConversion
    - fmt (~> 6.2.1)
    - glog
  - RCTRequired (0.68.46)
  - RCTTypeSafety (0.68.46):
    - FBLazyVector (= 0.68.46)
    - RCT-Folly (= 2021.06.28.00-v2)
    - RCTRequired (= 0.68.46)
    - React-Core (= 0.68.46)
  - React (0.68.46):
    - React-Core (= 0.68.46)
    - React-Core/DevSupport (= 0.68.46)
    - React-Core/RCTWebSocket (= 0.68.46)
    - React-RCTActionSheet (= 0.68.46)
    - React-RCTAnimation (= 0.68.46)
    - React-RCTBlob (= 0.68.46)
    - React-RCTImage (= 0.68.46)
    - React-RCTLinking (= 0.68.46)
    - React-RCTNetwork (= 0.68.46)
    - React-RCTSettings (= 0.68.46)
    - React-RCTText (= 0.68.46)
    - React-RCTVibration (= 0.68.46)
  - React-callinvoker (0.68.46)
  - React-Codegen (0.68.46):
    - FBReactNativeSpec (= 0.68.46)
    - RCT-Folly (= 2021.06.28.00-v2)
    - RCTRequired (= 0.68.46)
    - RCTTypeSafety (= 0.68.46)
    - React-Core (= 0.68.46)
    - React-jsi (= 0.68.46)
    - React-jsiexecutor (= 0.68.46)
    - ReactCommon/turbomodule/core (= 0.68.46)
  - React-Core (0.68.46):
    - glog
    - RCT-Folly (= 2021.06.28.00-v2)
    - React-Core/Default (= 0.68.46)
    - React-cxxreact (= 0.68.46)
    - React-jsi (= 0.68.46)
    - React-jsiexecutor (= 0.68.46)
    - React-perflogger (= 0.68.46)
    - Yoga
  - React-Core/CoreModulesHeaders (0.68.46):
    - glog
    - RCT-Folly (= 2021.06.28.00-v2)
    - React-Core/Default
    - React-cxxreact (= 0.68.46)
    - React-jsi (= 0.68.46)
    - React-jsiexecutor (= 0.68.46)
    - React-perflogger (= 0.68.46)
    - Yoga
  - React-Core/Default (0.68.46):
    - glog
    - RCT-Folly (= 2021.06.28.00-v2)
    - React-cxxreact (= 0.68.46)
    - React-jsi (= 0.68.46)
    - React-jsiexecutor (= 0.68.46)
    - React-perflogger (= 0.68.46)
    - Yoga
  - React-Core/DevSupport (0.68.46):
    - glog
    - RCT-Folly (= 2021.06.28.00-v2)
    - React-Core/Default (= 0.68.46)
    - React-Core/RCTWebSocket (= 0.68.46)
    - React-cxxreact (= 0.68.46)
    - React-jsi (= 0.68.46)
    - React-jsiexecutor (= 0.68.46)
    - React-jsinspector (= 0.68.46)
    - React-perflogger (= 0.68.46)
    - Yoga
  - React-Core/RCTActionSheetHeaders (0.68.46):
    - glog
    - RCT-Folly (= 2021.06.28.00-v2)
    - React-Core/Default
    - React-cxxreact (= 0.68.46)
    - React-jsi (= 0.68.46)
    - React-jsiexecutor (= 0.68.46)
    - React-perflogger (= 0.68.46)
    - Yoga
  - React-Core/RCTAnimationHeaders (0.68.46):
    - glog
    - RCT-Folly (= 2021.06.28.00-v2)
    - React-Core/Default
    - React-cxxreact (= 0.68.46)
    - React-jsi (= 0.68.46)
    - React-jsiexecutor (= 0.68.46)
    - React-perflogger (= 0.68.46)
    - Yoga
  - React-Core/RCTBlobHeaders (0.68.46):
    - glog
    - RCT-Folly (= 2021.06.28.00-v2)
    - React-Core/Default
    - React-cxxreact (= 0.68.46)
    - React-jsi (= 0.68.46)
    - React-jsiexecutor (= 0.68.46)
    - React-perflogger (= 0.68.46)
    - Yoga
  - React-Core/RCTImageHeaders (0.68.46):
    - glog
    - RCT-Folly (= 2021.06.28.00-v2)
    - React-Core/Default
    - React-cxxreact (= 0.68.46)
    - React-jsi (= 0.68.46)
    - React-jsiexecutor (= 0.68.46)
    - React-perflogger (= 0.68.46)
    - Yoga
  - React-Core/RCTLinkingHeaders (0.68.46):
    - glog
    - RCT-Folly (= 2021.06.28.00-v2)
    - React-Core/Default
    - React-cxxreact (= 0.68.46)
    - React-jsi (= 0.68.46)
    - React-jsiexecutor (= 0.68.46)
    - React-perflogger (= 0.68.46)
    - Yoga
  - React-Core/RCTNetworkHeaders (0.68.46):
    - glog
    - RCT-Folly (= 2021.06.28.00-v2)
    - React-Core/Default
    - React-cxxreact (= 0.68.46)
    - React-jsi (= 0.68.46)
    - React-jsiexecutor (= 0.68.46)
    - React-perflogger (= 0.68.46)
    - Yoga
  - React-Core/RCTSettingsHeaders (0.68.46):
    - glog
    - RCT-Folly (= 2021.06.28.00-v2)
    - React-Core/Default
    - React-cxxreact (= 0.68.46)
    - React-jsi (= 0.68.46)
    - React-jsiexecutor (= 0.68.46)
    - React-perflogger (= 0.68.46)
    - Yoga
  - React-Core/RCTTextHeaders (0.68.46):
    - glog
    - RCT-Folly (= 2021.06.28.00-v2)
    - React-Core/Default
    - React-cxxreact (= 0.68.46)
    - React-jsi (= 0.68.46)
    - React-jsiexecutor (= 0.68.46)
    - React-perflogger (= 0.68.46)
    - Yoga
  - React-Core/RCTVibrationHeaders (0.68.46):
    - glog
    - RCT-Folly (= 2021.06.28.00-v2)
    - React-Core/Default
    - React-cxxreact (= 0.68.46)
    - React-jsi (= 0.68.46)
    - React-jsiexecutor (= 0.68.46)
    - React-perflogger (= 0.68.46)
    - Yoga
  - React-Core/RCTWebSocket (0.68.46):
    - glog
    - RCT-Folly (= 2021.06.28.00-v2)
    - React-Core/Default (= 0.68.46)
    - React-cxxreact (= 0.68.46)
    - React-jsi (= 0.68.46)
    - React-jsiexecutor (= 0.68.46)
    - React-perflogger (= 0.68.46)
    - Yoga
  - React-CoreModules (0.68.46):
    - RCT-Folly (= 2021.06.28.00-v2)
    - RCTTypeSafety (= 0.68.46)
    - React-Codegen (= 0.68.46)
    - React-Core/CoreModulesHeaders (= 0.68.46)
    - React-jsi (= 0.68.46)
    - React-RCTImage (= 0.68.46)
    - ReactCommon/turbomodule/core (= 0.68.46)
  - React-cxxreact (0.68.46):
    - boost (= 1.76.0)
    - DoubleConversion
    - glog
    - RCT-Folly (= 2021.06.28.00-v2)
    - React-callinvoker (= 0.68.46)
    - React-jsi (= 0.68.46)
    - React-jsinspector (= 0.68.46)
    - React-logger (= 0.68.46)
    - React-perflogger (= 0.68.46)
    - React-runtimeexecutor (= 0.68.46)
  - React-jsi (0.68.46):
    - boost (= 1.76.0)
    - DoubleConversion
    - glog
    - RCT-Folly (= 2021.06.28.00-v2)
    - React-jsi/Default (= 0.68.46)
  - React-jsi/Default (0.68.46):
    - boost (= 1.76.0)
    - DoubleConversion
    - glog
    - RCT-Folly (= 2021.06.28.00-v2)
  - React-jsiexecutor (0.68.46):
    - DoubleConversion
    - glog
    - RCT-Folly (= 2021.06.28.00-v2)
    - React-cxxreact (= 0.68.46)
    - React-jsi (= 0.68.46)
    - React-perflogger (= 0.68.46)
  - React-jsinspector (0.68.46)
  - React-logger (0.68.46):
    - glog
  - react-native-webview (11.23.1):
    - React-Core
  - React-perflogger (0.68.46)
  - React-RCTActionSheet (0.68.46):
    - React-Core/RCTActionSheetHeaders (= 0.68.46)
  - React-RCTAnimation (0.68.46):
    - RCT-Folly (= 2021.06.28.00-v2)
    - RCTTypeSafety (= 0.68.46)
    - React-Codegen (= 0.68.46)
    - React-Core/RCTAnimationHeaders (= 0.68.46)
    - React-jsi (= 0.68.46)
    - ReactCommon/turbomodule/core (= 0.68.46)
  - React-RCTBlob (0.68.46):
    - RCT-Folly (= 2021.06.28.00-v2)
    - React-Codegen (= 0.68.46)
    - React-Core/RCTBlobHeaders (= 0.68.46)
    - React-Core/RCTWebSocket (= 0.68.46)
    - React-jsi (= 0.68.46)
    - React-RCTNetwork (= 0.68.46)
    - ReactCommon/turbomodule/core (= 0.68.46)
  - React-RCTImage (0.68.46):
    - RCT-Folly (= 2021.06.28.00-v2)
    - RCTTypeSafety (= 0.68.46)
    - React-Codegen (= 0.68.46)
    - React-Core/RCTImageHeaders (= 0.68.46)
    - React-jsi (= 0.68.46)
    - React-RCTNetwork (= 0.68.46)
    - ReactCommon/turbomodule/core (= 0.68.46)
  - React-RCTLinking (0.68.46):
    - React-Codegen (= 0.68.46)
    - React-Core/RCTLinkingHeaders (= 0.68.46)
    - React-jsi (= 0.68.46)
    - ReactCommon/turbomodule/core (= 0.68.46)
  - React-RCTNetwork (0.68.46):
    - RCT-Folly (= 2021.06.28.00-v2)
    - RCTTypeSafety (= 0.68.46)
    - React-Codegen (= 0.68.46)
    - React-Core/RCTNetworkHeaders (= 0.68.46)
    - React-jsi (= 0.68.46)
    - ReactCommon/turbomodule/core (= 0.68.46)
  - React-RCTSettings (0.68.46):
    - RCT-Folly (= 2021.06.28.00-v2)
    - RCTTypeSafety (= 0.68.46)
    - React-Codegen (= 0.68.46)
    - React-Core/RCTSettingsHeaders (= 0.68.46)
    - React-jsi (= 0.68.46)
    - ReactCommon/turbomodule/core (= 0.68.46)
  - React-RCTText (0.68.46):
    - React-Core/RCTTextHeaders (= 0.68.46)
  - React-RCTVibration (0.68.46):
    - RCT-Folly (= 2021.06.28.00-v2)
    - React-Codegen (= 0.68.46)
    - React-Core/RCTVibrationHeaders (= 0.68.46)
    - React-jsi (= 0.68.46)
    - ReactCommon/turbomodule/core (= 0.68.46)
  - React-runtimeexecutor (0.68.46):
    - React-jsi (= 0.68.46)
  - ReactCommon/turbomodule/core (0.68.46):
    - DoubleConversion
    - glog
    - RCT-Folly (= 2021.06.28.00-v2)
    - React-callinvoker (= 0.68.46)
    - React-Core (= 0.68.46)
    - React-cxxreact (= 0.68.46)
    - React-jsi (= 0.68.46)
    - React-logger (= 0.68.46)
    - React-perflogger (= 0.68.46)
  - RNCPicker (2.4.0):
    - React-Core
  - RNSentry (4.2.3):
    - React-Core
    - Sentry (= 7.23.0)
  - Sentry (7.23.0):
    - Sentry/Core (= 7.23.0)
  - Sentry/Core (7.23.0)
  - Sparkle (2.1.0)
  - Yoga (1.14.0)

DEPENDENCIES:
  - boost (from `../node_modules/react-native-macos/third-party-podspecs/boost.podspec`)
  - DoubleConversion (from `../node_modules/react-native-macos/third-party-podspecs/DoubleConversion.podspec`)
  - FBLazyVector (from `../node_modules/react-native-macos/Libraries/FBLazyVector`)
  - FBReactNativeSpec (from `../node_modules/react-native-macos/React/FBReactNativeSpec`)
  - glog (from `../node_modules/react-native-macos/third-party-podspecs/glog.podspec`)
  - HotKey
  - RCT-Folly (from `../node_modules/react-native-macos/third-party-podspecs/RCT-Folly.podspec`)
  - RCTRequired (from `../node_modules/react-native-macos/Libraries/RCTRequired`)
  - RCTTypeSafety (from `../node_modules/react-native-macos/Libraries/TypeSafety`)
  - React (from `../node_modules/react-native-macos/`)
  - React-callinvoker (from `../node_modules/react-native-macos/ReactCommon/callinvoker`)
  - React-Codegen (from `build/generated/ios`)
  - React-Core (from `../node_modules/react-native-macos/`)
  - React-Core/DevSupport (from `../node_modules/react-native-macos/`)
  - React-Core/RCTWebSocket (from `../node_modules/react-native-macos/`)
  - React-CoreModules (from `../node_modules/react-native-macos/React/CoreModules`)
  - React-cxxreact (from `../node_modules/react-native-macos/ReactCommon/cxxreact`)
  - React-jsi (from `../node_modules/react-native-macos/ReactCommon/jsi`)
  - React-jsiexecutor (from `../node_modules/react-native-macos/ReactCommon/jsiexecutor`)
  - React-jsinspector (from `../node_modules/react-native-macos/ReactCommon/jsinspector`)
  - React-logger (from `../node_modules/react-native-macos/ReactCommon/logger`)
  - react-native-webview (from `../node_modules/react-native-webview`)
  - React-perflogger (from `../node_modules/react-native-macos/ReactCommon/reactperflogger`)
  - React-RCTActionSheet (from `../node_modules/react-native-macos/Libraries/ActionSheetIOS`)
  - React-RCTAnimation (from `../node_modules/react-native-macos/Libraries/NativeAnimation`)
  - React-RCTBlob (from `../node_modules/react-native-macos/Libraries/Blob`)
  - React-RCTImage (from `../node_modules/react-native-macos/Libraries/Image`)
  - React-RCTLinking (from `../node_modules/react-native-macos/Libraries/LinkingIOS`)
  - React-RCTNetwork (from `../node_modules/react-native-macos/Libraries/Network`)
  - React-RCTSettings (from `../node_modules/react-native-macos/Libraries/Settings`)
  - React-RCTText (from `../node_modules/react-native-macos/Libraries/Text`)
  - React-RCTVibration (from `../node_modules/react-native-macos/Libraries/Vibration`)
  - React-runtimeexecutor (from `../node_modules/react-native-macos/ReactCommon/runtimeexecutor`)
  - ReactCommon/turbomodule/core (from `../node_modules/react-native-macos/ReactCommon`)
  - "RNCPicker (from `../node_modules/@react-native-picker/picker`)"
  - "RNSentry (from `../node_modules/@sentry/react-native`)"
  - Sparkle
  - Yoga (from `../node_modules/react-native-macos/ReactCommon/yoga`)

SPEC REPOS:
  trunk:
    - fmt
    - HotKey
    - Sentry
    - Sparkle

EXTERNAL SOURCES:
  boost:
    :podspec: "../node_modules/react-native-macos/third-party-podspecs/boost.podspec"
  DoubleConversion:
    :podspec: "../node_modules/react-native-macos/third-party-podspecs/DoubleConversion.podspec"
  FBLazyVector:
    :path: "../node_modules/react-native-macos/Libraries/FBLazyVector"
  FBReactNativeSpec:
    :path: "../node_modules/react-native-macos/React/FBReactNativeSpec"
  glog:
    :podspec: "../node_modules/react-native-macos/third-party-podspecs/glog.podspec"
  RCT-Folly:
    :podspec: "../node_modules/react-native-macos/third-party-podspecs/RCT-Folly.podspec"
  RCTRequired:
    :path: "../node_modules/react-native-macos/Libraries/RCTRequired"
  RCTTypeSafety:
    :path: "../node_modules/react-native-macos/Libraries/TypeSafety"
  React:
    :path: "../node_modules/react-native-macos/"
  React-callinvoker:
    :path: "../node_modules/react-native-macos/ReactCommon/callinvoker"
  React-Codegen:
    :path: build/generated/ios
  React-Core:
    :path: "../node_modules/react-native-macos/"
  React-CoreModules:
    :path: "../node_modules/react-native-macos/React/CoreModules"
  React-cxxreact:
    :path: "../node_modules/react-native-macos/ReactCommon/cxxreact"
  React-jsi:
    :path: "../node_modules/react-native-macos/ReactCommon/jsi"
  React-jsiexecutor:
    :path: "../node_modules/react-native-macos/ReactCommon/jsiexecutor"
  React-jsinspector:
    :path: "../node_modules/react-native-macos/ReactCommon/jsinspector"
  React-logger:
    :path: "../node_modules/react-native-macos/ReactCommon/logger"
  react-native-webview:
    :path: "../node_modules/react-native-webview"
  React-perflogger:
    :path: "../node_modules/react-native-macos/ReactCommon/reactperflogger"
  React-RCTActionSheet:
    :path: "../node_modules/react-native-macos/Libraries/ActionSheetIOS"
  React-RCTAnimation:
    :path: "../node_modules/react-native-macos/Libraries/NativeAnimation"
  React-RCTBlob:
    :path: "../node_modules/react-native-macos/Libraries/Blob"
  React-RCTImage:
    :path: "../node_modules/react-native-macos/Libraries/Image"
  React-RCTLinking:
    :path: "../node_modules/react-native-macos/Libraries/LinkingIOS"
  React-RCTNetwork:
    :path: "../node_modules/react-native-macos/Libraries/Network"
  React-RCTSettings:
    :path: "../node_modules/react-native-macos/Libraries/Settings"
  React-RCTText:
    :path: "../node_modules/react-native-macos/Libraries/Text"
  React-RCTVibration:
    :path: "../node_modules/react-native-macos/Libraries/Vibration"
  React-runtimeexecutor:
    :path: "../node_modules/react-native-macos/ReactCommon/runtimeexecutor"
  ReactCommon:
    :path: "../node_modules/react-native-macos/ReactCommon"
  RNCPicker:
    :path: "../node_modules/@react-native-picker/picker"
  RNSentry:
    :path: "../node_modules/@sentry/react-native"
  Yoga:
    :path: "../node_modules/react-native-macos/ReactCommon/yoga"

SPEC CHECKSUMS:
  boost: 613e39eac4239cc72b15421247b5ab05361266a2
  DoubleConversion: ed15e075aa758ac0e4c1f8b830bd4e4d40d669e8
  FBLazyVector: c64141b888effb8ff48a3639f1776f61ee495711
  FBReactNativeSpec: db6797767d7c68f5fbe2576eae52fad87d3ce5c2
  fmt: ff9d55029c625d3757ed641535fd4a75fedc7ce9
  glog: 42c4bf47024808486e90b25ea9e5ac3959047641
  HotKey: ad59450195936c10992438c4210f673de5aee43e
  RCT-Folly: 43adc9ce880eb76792f88c011773cb5c664c1419
  RCTRequired: f7d4e4a09da9aad83ee1106b54f09467b6809e6c
  RCTTypeSafety: 9577080468c933f92301212232db4fc8d36ad051
  React: 863797dcccc96a9e054b18a47a0ffcc06ca08207
  React-callinvoker: 8b8379d39b90d1e7f4006bf51c3007eda2618466
  React-Codegen: a6d04c2160fa2811ea6522e5a0717e310b7ab747
  React-Core: aaaf6d3cae39734996faab159930a05e7cb560d1
  React-CoreModules: b2ebd4dec3a9c9f16f283f148aae6fbd93793b3a
  React-cxxreact: d18ba6f0cd0defe687a3bd0bdff17fbd207e76e3
  React-jsi: 957c37e92c765e73a6f7d8230ec47fef26e2d31b
  React-jsiexecutor: c326ceb9346dbcdd5259c0498b5bf99c9bac7f68
  React-jsinspector: e9ccacbdd3ff29de070a0a274497348b0f3f5433
  React-logger: 2f1c9d20799ce0b3d07ee597c0b53acae291c11c
  react-native-webview: d33e2db8925d090871ffeb232dfa50cb3a727581
  React-perflogger: e845292c009768e4fb7d980628bb415972066f9e
  React-RCTActionSheet: 890ac71ab2a9d261938b68f23d2c3ad584e79f14
  React-RCTAnimation: 610d088ff331f9d5911a3c11acd080aca2f05a8b
  React-RCTBlob: 49270d352f2b196bf5adaf129de8d9d77162a785
  React-RCTImage: f81e2cf5bb9e5ee3554456e1df20eb941b72949f
  React-RCTLinking: ab166029f31419df5ff5842d821cfbb5a75862f7
  React-RCTNetwork: bcb36614a1906cba02cad63b477e99dc6de0f13e
  React-RCTSettings: f529810ab0d98d7e0f46f747b1f14ed929e454fe
  React-RCTText: 291780bcaf3e3735a5b5a1575680f275b0326b08
  React-RCTVibration: 717bbc804909f0bea0871cb2619c66738be14b2b
  React-runtimeexecutor: bbcb4a673137564311c3d721fdb9405b5fc63589
  ReactCommon: 3466d350fb67bc12d3854bf4a7bc5ee517ed0505
  RNCPicker: 6d5d64e7b90c240c779ee0938ec433c11e2dd758
  RNSentry: 6798624706227656d942849d593f89c8ca3bdde5
  Sentry: a0d4563fa4ddacba31fdcc35daaa8573d87224d6
  Sparkle: 7f5f6d4328458515e23272f4138e610c1fa3e32d
  Yoga: 001cf8133512e3474a6d6514fb43a6a1184e9da2

PODFILE CHECKSUM: 51e0cbc0e7b0b925fdfc4a3167ef4c9ab65ac765

COCOAPODS: 1.11.3
