{
  "originHash" : "95557269a9b1db989f364891dbdce584ac10299ca7a73325f8e5709668858256",
  "pins" : [
    {
      "identity" : "launchatlogin",
      "kind" : "remoteSourceControl",
      "location" : "git@github.com:sindresorhus/LaunchAtLogin.git",
      "state" : {
        "branch" : "main",
        "revision" : "f326e3d9be46aff3b68ede6061721f639e0840e0"
      }
    }
  ],
  "version" : 3
}
