// !$*UTF8*$!
{
	archiveVersion = 1;
	classes = {
	};
	objectVersion = 52;
	objects = {

/* Begin PBXBuildFile section */
		13B07FBC1A68108700A75B9A /* AppDelegate.m in Sources */ = {isa = PBXBuildFile; fileRef = 13B07FB01A68108700A75B9A /* AppDelegate.m */; };
		13B07FBD1A68108700A75B9A /* LaunchScreen.xib in Resources */ = {isa = PBXBuildFile; fileRef = 13B07FB11A68108700A75B9A /* LaunchScreen.xib */; };
		13B07FBF1A68108700A75B9A /* Images.xcassets in Resources */ = {isa = PBXBuildFile; fileRef = 13B07FB51A68108700A75B9A /* Images.xcassets */; };
		13B07FC11A68108700A75B9A /* main.m in Sources */ = {isa = PBXBuildFile; fileRef = 13B07FB71A68108700A75B9A /* main.m */; };
		514201522437B4B40078DB4F /* Assets.xcassets in Resources */ = {isa = PBXBuildFile; fileRef = 514201512437B4B40078DB4F /* Assets.xcassets */; };
		514201552437B4B40078DB4F /* Main.storyboard in Resources */ = {isa = PBXBuildFile; fileRef = 514201532437B4B40078DB4F /* Main.storyboard */; };
		70EA99EA2794967E008E54FD /* AppDelegate.swift in Sources */ = {isa = PBXBuildFile; fileRef = 70EA99E92794967E008E54FD /* AppDelegate.swift */; };
		70F7EBEE2795A68B00CED17A /* MyNSWindowDelegate.swift in Sources */ = {isa = PBXBuildFile; fileRef = 70F7EBED2795A68B00CED17A /* MyNSWindowDelegate.swift */; };
		70F7EBF12795A85200CED17A /* HotKey in Frameworks */ = {isa = PBXBuildFile; productRef = 70F7EBF02795A85200CED17A /* HotKey */; };
		889C5FD9C31FC8F222708FCC /* libPods-sol-iOS.a in Frameworks */ = {isa = PBXBuildFile; fileRef = 1F947041E530F4CAA5666143 /* libPods-sol-iOS.a */; };
		E2E9BB8131AAA431B6402620 /* libPods-sol-macOS.a in Frameworks */ = {isa = PBXBuildFile; fileRef = 3D8F39DB7FD91E1376ED253D /* libPods-sol-macOS.a */; };
/* End PBXBuildFile section */

/* Begin PBXFileReference section */
		008F07F21AC5B25A0029DE68 /* main.jsbundle */ = {isa = PBXFileReference; fileEncoding = 4; lastKnownFileType = text; path = main.jsbundle; sourceTree = "<group>"; };
		02422F9FB6FF5F34B4E63E6F /* Pods-Shared-sol-macOS.debug.xcconfig */ = {isa = PBXFileReference; includeInIndex = 1; lastKnownFileType = text.xcconfig; name = "Pods-Shared-sol-macOS.debug.xcconfig"; path = "Target Support Files/Pods-Shared-sol-macOS/Pods-Shared-sol-macOS.debug.xcconfig"; sourceTree = "<group>"; };
		13B07F961A680F5B00A75B9A /* sol.app */ = {isa = PBXFileReference; explicitFileType = wrapper.application; includeInIndex = 0; path = sol.app; sourceTree = BUILT_PRODUCTS_DIR; };
		13B07FAF1A68108700A75B9A /* AppDelegate.h */ = {isa = PBXFileReference; fileEncoding = 4; lastKnownFileType = sourcecode.c.h; path = AppDelegate.h; sourceTree = "<group>"; };
		13B07FB01A68108700A75B9A /* AppDelegate.m */ = {isa = PBXFileReference; fileEncoding = 4; lastKnownFileType = sourcecode.c.objc; path = AppDelegate.m; sourceTree = "<group>"; };
		13B07FB21A68108700A75B9A /* Base */ = {isa = PBXFileReference; lastKnownFileType = file.xib; name = Base; path = Base.lproj/LaunchScreen.xib; sourceTree = "<group>"; };
		13B07FB51A68108700A75B9A /* Images.xcassets */ = {isa = PBXFileReference; lastKnownFileType = folder.assetcatalog; path = Images.xcassets; sourceTree = "<group>"; };
		13B07FB61A68108700A75B9A /* Info.plist */ = {isa = PBXFileReference; fileEncoding = 4; lastKnownFileType = text.plist.xml; name = Info.plist; path = sol/Info.plist; sourceTree = "<group>"; };
		13B07FB71A68108700A75B9A /* main.m */ = {isa = PBXFileReference; fileEncoding = 4; lastKnownFileType = sourcecode.c.objc; path = main.m; sourceTree = "<group>"; };
		1F947041E530F4CAA5666143 /* libPods-sol-iOS.a */ = {isa = PBXFileReference; explicitFileType = archive.ar; includeInIndex = 0; path = "libPods-sol-iOS.a"; sourceTree = BUILT_PRODUCTS_DIR; };
		28CB954D981B0B12E61FFF23 /* Pods-sol-macOS.debug.xcconfig */ = {isa = PBXFileReference; includeInIndex = 1; lastKnownFileType = text.xcconfig; name = "Pods-sol-macOS.debug.xcconfig"; path = "Target Support Files/Pods-sol-macOS/Pods-sol-macOS.debug.xcconfig"; sourceTree = "<group>"; };
		2CE370B4AB65B44465429F64 /* Pods-sol-iOS.release.xcconfig */ = {isa = PBXFileReference; includeInIndex = 1; lastKnownFileType = text.xcconfig; name = "Pods-sol-iOS.release.xcconfig"; path = "Target Support Files/Pods-sol-iOS/Pods-sol-iOS.release.xcconfig"; sourceTree = "<group>"; };
		38423A3E24576CBC00BC2EAC /* main.jsbundle */ = {isa = PBXFileReference; lastKnownFileType = text; path = main.jsbundle; sourceTree = "<group>"; };
		3D8F39DB7FD91E1376ED253D /* libPods-sol-macOS.a */ = {isa = PBXFileReference; explicitFileType = archive.ar; includeInIndex = 0; path = "libPods-sol-macOS.a"; sourceTree = BUILT_PRODUCTS_DIR; };
		514201492437B4B30078DB4F /* sol.app */ = {isa = PBXFileReference; explicitFileType = wrapper.application; includeInIndex = 0; path = sol.app; sourceTree = BUILT_PRODUCTS_DIR; };
		514201512437B4B40078DB4F /* Assets.xcassets */ = {isa = PBXFileReference; lastKnownFileType = folder.assetcatalog; path = Assets.xcassets; sourceTree = "<group>"; };
		514201542437B4B40078DB4F /* Base */ = {isa = PBXFileReference; lastKnownFileType = file.storyboard; name = Base; path = Base.lproj/Main.storyboard; sourceTree = "<group>"; };
		514201562437B4B40078DB4F /* Info.plist */ = {isa = PBXFileReference; lastKnownFileType = text.plist.xml; path = Info.plist; sourceTree = "<group>"; };
		514201592437B4B40078DB4F /* sol.entitlements */ = {isa = PBXFileReference; lastKnownFileType = text.plist.entitlements; path = sol.entitlements; sourceTree = "<group>"; };
		70EA99E82794967E008E54FD /* sol-macOS-Bridging-Header.h */ = {isa = PBXFileReference; lastKnownFileType = sourcecode.c.h; path = "sol-macOS-Bridging-Header.h"; sourceTree = "<group>"; };
		70EA99E92794967E008E54FD /* AppDelegate.swift */ = {isa = PBXFileReference; lastKnownFileType = sourcecode.swift; path = AppDelegate.swift; sourceTree = "<group>"; };
		70F7EBED2795A68B00CED17A /* MyNSWindowDelegate.swift */ = {isa = PBXFileReference; lastKnownFileType = sourcecode.swift; path = MyNSWindowDelegate.swift; sourceTree = "<group>"; };
		9D32DFD059D5DB6DDEF38881 /* Pods-Shared-sol-iOS.debug.xcconfig */ = {isa = PBXFileReference; includeInIndex = 1; lastKnownFileType = text.xcconfig; name = "Pods-Shared-sol-iOS.debug.xcconfig"; path = "Target Support Files/Pods-Shared-sol-iOS/Pods-Shared-sol-iOS.debug.xcconfig"; sourceTree = "<group>"; };
		A82DFB63B157C65E5D698CA2 /* Pods-Shared-sol-iOS.release.xcconfig */ = {isa = PBXFileReference; includeInIndex = 1; lastKnownFileType = text.xcconfig; name = "Pods-Shared-sol-iOS.release.xcconfig"; path = "Target Support Files/Pods-Shared-sol-iOS/Pods-Shared-sol-iOS.release.xcconfig"; sourceTree = "<group>"; };
		CE0E74F571E1F48FF00A8324 /* Pods-Shared-sol-macOS.release.xcconfig */ = {isa = PBXFileReference; includeInIndex = 1; lastKnownFileType = text.xcconfig; name = "Pods-Shared-sol-macOS.release.xcconfig"; path = "Target Support Files/Pods-Shared-sol-macOS/Pods-Shared-sol-macOS.release.xcconfig"; sourceTree = "<group>"; };
		E38193674F963423ED4771D8 /* Pods-sol-macOS.release.xcconfig */ = {isa = PBXFileReference; includeInIndex = 1; lastKnownFileType = text.xcconfig; name = "Pods-sol-macOS.release.xcconfig"; path = "Target Support Files/Pods-sol-macOS/Pods-sol-macOS.release.xcconfig"; sourceTree = "<group>"; };
		ED297162215061F000B7C4FE /* JavaScriptCore.framework */ = {isa = PBXFileReference; lastKnownFileType = wrapper.framework; name = JavaScriptCore.framework; path = System/Library/Frameworks/JavaScriptCore.framework; sourceTree = SDKROOT; };
		ED2971642150620600B7C4FE /* JavaScriptCore.framework */ = {isa = PBXFileReference; lastKnownFileType = wrapper.framework; name = JavaScriptCore.framework; path = Platforms/AppleTVOS.platform/Developer/SDKs/AppleTVOS12.0.sdk/System/Library/Frameworks/JavaScriptCore.framework; sourceTree = DEVELOPER_DIR; };
		ED72E6D10D16F914C23B622C /* Pods-sol-iOS.debug.xcconfig */ = {isa = PBXFileReference; includeInIndex = 1; lastKnownFileType = text.xcconfig; name = "Pods-sol-iOS.debug.xcconfig"; path = "Target Support Files/Pods-sol-iOS/Pods-sol-iOS.debug.xcconfig"; sourceTree = "<group>"; };
/* End PBXFileReference section */

/* Begin PBXFrameworksBuildPhase section */
		13B07F8C1A680F5B00A75B9A /* Frameworks */ = {
			isa = PBXFrameworksBuildPhase;
			buildActionMask = 2147483647;
			files = (
				889C5FD9C31FC8F222708FCC /* libPods-sol-iOS.a in Frameworks */,
			);
			runOnlyForDeploymentPostprocessing = 0;
		};
		514201462437B4B30078DB4F /* Frameworks */ = {
			isa = PBXFrameworksBuildPhase;
			buildActionMask = 2147483647;
			files = (
				70F7EBF12795A85200CED17A /* HotKey in Frameworks */,
				E2E9BB8131AAA431B6402620 /* libPods-sol-macOS.a in Frameworks */,
			);
			runOnlyForDeploymentPostprocessing = 0;
		};
/* End PBXFrameworksBuildPhase section */

/* Begin PBXGroup section */
		13B07FAE1A68108700A75B9A /* sol-iOS */ = {
			isa = PBXGroup;
			children = (
				008F07F21AC5B25A0029DE68 /* main.jsbundle */,
				13B07FAF1A68108700A75B9A /* AppDelegate.h */,
				13B07FB01A68108700A75B9A /* AppDelegate.m */,
				13B07FB51A68108700A75B9A /* Images.xcassets */,
				13B07FB61A68108700A75B9A /* Info.plist */,
				13B07FB11A68108700A75B9A /* LaunchScreen.xib */,
				13B07FB71A68108700A75B9A /* main.m */,
			);
			path = "sol-iOS";
			sourceTree = "<group>";
		};
		1986A43FA6A91CFACDF0A798 /* Pods */ = {
			isa = PBXGroup;
			children = (
				9D32DFD059D5DB6DDEF38881 /* Pods-Shared-sol-iOS.debug.xcconfig */,
				A82DFB63B157C65E5D698CA2 /* Pods-Shared-sol-iOS.release.xcconfig */,
				02422F9FB6FF5F34B4E63E6F /* Pods-Shared-sol-macOS.debug.xcconfig */,
				CE0E74F571E1F48FF00A8324 /* Pods-Shared-sol-macOS.release.xcconfig */,
				ED72E6D10D16F914C23B622C /* Pods-sol-iOS.debug.xcconfig */,
				2CE370B4AB65B44465429F64 /* Pods-sol-iOS.release.xcconfig */,
				28CB954D981B0B12E61FFF23 /* Pods-sol-macOS.debug.xcconfig */,
				E38193674F963423ED4771D8 /* Pods-sol-macOS.release.xcconfig */,
			);
			path = Pods;
			sourceTree = "<group>";
		};
		2D16E6871FA4F8E400B85C8A /* Frameworks */ = {
			isa = PBXGroup;
			children = (
				ED297162215061F000B7C4FE /* JavaScriptCore.framework */,
				ED2971642150620600B7C4FE /* JavaScriptCore.framework */,
				1F947041E530F4CAA5666143 /* libPods-sol-iOS.a */,
				3D8F39DB7FD91E1376ED253D /* libPods-sol-macOS.a */,
			);
			name = Frameworks;
			sourceTree = "<group>";
		};
		5142014A2437B4B30078DB4F /* sol-macOS */ = {
			isa = PBXGroup;
			children = (
				70F7EBEA2795A4BD00CED17A /* lib */,
				38423A3E24576CBC00BC2EAC /* main.jsbundle */,
				514201512437B4B40078DB4F /* Assets.xcassets */,
				514201532437B4B40078DB4F /* Main.storyboard */,
				514201562437B4B40078DB4F /* Info.plist */,
				514201592437B4B40078DB4F /* sol.entitlements */,
				70EA99E92794967E008E54FD /* AppDelegate.swift */,
				70EA99E82794967E008E54FD /* sol-macOS-Bridging-Header.h */,
			);
			path = "sol-macOS";
			sourceTree = "<group>";
		};
		70F7EBEA2795A4BD00CED17A /* lib */ = {
			isa = PBXGroup;
			children = (
				70F7EBED2795A68B00CED17A /* MyNSWindowDelegate.swift */,
			);
			path = lib;
			sourceTree = "<group>";
		};
		832341AE1AAA6A7D00B99B32 /* Libraries */ = {
			isa = PBXGroup;
			children = (
			);
			name = Libraries;
			sourceTree = "<group>";
		};
		83CBB9F61A601CBA00E9B192 = {
			isa = PBXGroup;
			children = (
				5142014A2437B4B30078DB4F /* sol-macOS */,
				13B07FAE1A68108700A75B9A /* sol-iOS */,
				832341AE1AAA6A7D00B99B32 /* Libraries */,
				83CBBA001A601CBA00E9B192 /* Products */,
				2D16E6871FA4F8E400B85C8A /* Frameworks */,
				1986A43FA6A91CFACDF0A798 /* Pods */,
			);
			indentWidth = 2;
			sourceTree = "<group>";
			tabWidth = 2;
			usesTabs = 0;
		};
		83CBBA001A601CBA00E9B192 /* Products */ = {
			isa = PBXGroup;
			children = (
				13B07F961A680F5B00A75B9A /* sol.app */,
				514201492437B4B30078DB4F /* sol.app */,
			);
			name = Products;
			sourceTree = "<group>";
		};
/* End PBXGroup section */

/* Begin PBXNativeTarget section */
		13B07F861A680F5B00A75B9A /* sol-iOS */ = {
			isa = PBXNativeTarget;
			buildConfigurationList = 13B07F931A680F5B00A75B9A /* Build configuration list for PBXNativeTarget "sol-iOS" */;
			buildPhases = (
				7BC40D98CAD1562CFD247217 /* [CP] Check Pods Manifest.lock */,
				FD10A7F022414F080027D42C /* Start Packager */,
				13B07F871A680F5B00A75B9A /* Sources */,
				13B07F8C1A680F5B00A75B9A /* Frameworks */,
				13B07F8E1A680F5B00A75B9A /* Resources */,
				00DD1BFF1BD5951E006B06BC /* Bundle React Native code and images */,
				86F49EC917AD82D1FFCE0578 /* [CP] Embed Pods Frameworks */,
				69AD12749454860EE602288A /* [CP] Copy Pods Resources */,
			);
			buildRules = (
			);
			dependencies = (
			);
			name = "sol-iOS";
			productName = sol;
			productReference = 13B07F961A680F5B00A75B9A /* sol.app */;
			productType = "com.apple.product-type.application";
		};
		514201482437B4B30078DB4F /* sol-macOS */ = {
			isa = PBXNativeTarget;
			buildConfigurationList = 5142015A2437B4B40078DB4F /* Build configuration list for PBXNativeTarget "sol-macOS" */;
			buildPhases = (
				1A938104A937498D81B3BD3B /* [CP] Check Pods Manifest.lock */,
				381D8A6F24576A6C00465D17 /* Start Packager */,
				514201452437B4B30078DB4F /* Sources */,
				514201462437B4B30078DB4F /* Frameworks */,
				514201472437B4B30078DB4F /* Resources */,
				381D8A6E24576A4E00465D17 /* Bundle React Native code and images */,
				AB47F5B1B5458AA9DCA44477 /* [CP] Copy Pods Resources */,
			);
			buildRules = (
			);
			dependencies = (
			);
			name = "sol-macOS";
			packageProductDependencies = (
				70F7EBF02795A85200CED17A /* HotKey */,
			);
			productName = sol;
			productReference = 514201492437B4B30078DB4F /* sol.app */;
			productType = "com.apple.product-type.application";
		};
/* End PBXNativeTarget section */

/* Begin PBXProject section */
		83CBB9F71A601CBA00E9B192 /* Project object */ = {
			isa = PBXProject;
			attributes = {
				LastUpgradeCheck = 1130;
				TargetAttributes = {
					13B07F861A680F5B00A75B9A = {
						LastSwiftMigration = 1120;
					};
					514201482437B4B30078DB4F = {
						CreatedOnToolsVersion = 11.4;
						LastSwiftMigration = 1320;
						ProvisioningStyle = Automatic;
					};
				};
			};
			buildConfigurationList = 83CBB9FA1A601CBA00E9B192 /* Build configuration list for PBXProject "sol" */;
			compatibilityVersion = "Xcode 3.2";
			developmentRegion = en;
			hasScannedForEncodings = 0;
			knownRegions = (
				en,
				Base,
			);
			mainGroup = 83CBB9F61A601CBA00E9B192;
			packageReferences = (
				70F7EBEF2795A85200CED17A /* XCRemoteSwiftPackageReference "HotKey" */,
			);
			productRefGroup = 83CBBA001A601CBA00E9B192 /* Products */;
			projectDirPath = "";
			projectRoot = "";
			targets = (
				13B07F861A680F5B00A75B9A /* sol-iOS */,
				514201482437B4B30078DB4F /* sol-macOS */,
			);
		};
/* End PBXProject section */

/* Begin PBXResourcesBuildPhase section */
		13B07F8E1A680F5B00A75B9A /* Resources */ = {
			isa = PBXResourcesBuildPhase;
			buildActionMask = 2147483647;
			files = (
				13B07FBF1A68108700A75B9A /* Images.xcassets in Resources */,
				13B07FBD1A68108700A75B9A /* LaunchScreen.xib in Resources */,
			);
			runOnlyForDeploymentPostprocessing = 0;
		};
		514201472437B4B30078DB4F /* Resources */ = {
			isa = PBXResourcesBuildPhase;
			buildActionMask = 2147483647;
			files = (
				514201522437B4B40078DB4F /* Assets.xcassets in Resources */,
				514201552437B4B40078DB4F /* Main.storyboard in Resources */,
			);
			runOnlyForDeploymentPostprocessing = 0;
		};
/* End PBXResourcesBuildPhase section */

/* Begin PBXShellScriptBuildPhase section */
		00DD1BFF1BD5951E006B06BC /* Bundle React Native code and images */ = {
			isa = PBXShellScriptBuildPhase;
			buildActionMask = 2147483647;
			files = (
			);
			inputPaths = (
			);
			name = "Bundle React Native code and images";
			outputPaths = (
			);
			runOnlyForDeploymentPostprocessing = 0;
			shellPath = /bin/sh;
			shellScript = "export NODE_BINARY=node\n../node_modules/react-native-macos/scripts/react-native-xcode.sh\n";
		};
		1A938104A937498D81B3BD3B /* [CP] Check Pods Manifest.lock */ = {
			isa = PBXShellScriptBuildPhase;
			buildActionMask = 2147483647;
			files = (
			);
			inputFileListPaths = (
			);
			inputPaths = (
				"${PODS_PODFILE_DIR_PATH}/Podfile.lock",
				"${PODS_ROOT}/Manifest.lock",
			);
			name = "[CP] Check Pods Manifest.lock";
			outputFileListPaths = (
			);
			outputPaths = (
				"$(DERIVED_FILE_DIR)/Pods-sol-macOS-checkManifestLockResult.txt",
			);
			runOnlyForDeploymentPostprocessing = 0;
			shellPath = /bin/sh;
			shellScript = "diff \"${PODS_PODFILE_DIR_PATH}/Podfile.lock\" \"${PODS_ROOT}/Manifest.lock\" > /dev/null\nif [ $? != 0 ] ; then\n    # print error to STDERR\n    echo \"error: The sandbox is not in sync with the Podfile.lock. Run 'pod install' or update your CocoaPods installation.\" >&2\n    exit 1\nfi\n# This output is used by Xcode 'outputs' to avoid re-running this script phase.\necho \"SUCCESS\" > \"${SCRIPT_OUTPUT_FILE_0}\"\n";
			showEnvVarsInLog = 0;
		};
		381D8A6E24576A4E00465D17 /* Bundle React Native code and images */ = {
			isa = PBXShellScriptBuildPhase;
			buildActionMask = 2147483647;
			files = (
			);
			inputFileListPaths = (
			);
			inputPaths = (
			);
			name = "Bundle React Native code and images";
			outputFileListPaths = (
			);
			outputPaths = (
			);
			runOnlyForDeploymentPostprocessing = 0;
			shellPath = /bin/sh;
			shellScript = "export NODE_BINARY=node\n../node_modules/react-native-macos/scripts/react-native-xcode.sh\n";
		};
		381D8A6F24576A6C00465D17 /* Start Packager */ = {
			isa = PBXShellScriptBuildPhase;
			buildActionMask = 2147483647;
			files = (
			);
			inputFileListPaths = (
			);
			inputPaths = (
			);
			name = "Start Packager";
			outputFileListPaths = (
			);
			outputPaths = (
			);
			runOnlyForDeploymentPostprocessing = 0;
			shellPath = /bin/sh;
			shellScript = "export RCT_METRO_PORT=\"${RCT_METRO_PORT:=8081}\"\necho \"export RCT_METRO_PORT=${RCT_METRO_PORT}\" > \"${SRCROOT}/../node_modules/react-native-macos/scripts/.packager.env\"\nif [ -z \"${RCT_NO_LAUNCH_PACKAGER+xxx}\" ] ; then\n  if nc -w 5 -z localhost ${RCT_METRO_PORT} ; then\n    if ! curl -s \"http://localhost:${RCT_METRO_PORT}/status\" | grep -q \"packager-status:running\" ; then\n      echo \"Port ${RCT_METRO_PORT} already in use, packager is either not running or not running correctly\"\n      exit 2\n    fi\n  else\n    open \"$SRCROOT/../node_modules/react-native-macos/scripts/launchPackager.command\" || echo \"Can't start packager automatically\"\n  fi\nfi\n";
		};
		69AD12749454860EE602288A /* [CP] Copy Pods Resources */ = {
			isa = PBXShellScriptBuildPhase;
			buildActionMask = 2147483647;
			files = (
			);
			inputPaths = (
				"${PODS_ROOT}/Target Support Files/Pods-sol-iOS/Pods-sol-iOS-resources.sh",
				"${PODS_CONFIGURATION_BUILD_DIR}/React-Core-iOS/AccessibilityResources.bundle",
			);
			name = "[CP] Copy Pods Resources";
			outputPaths = (
				"${TARGET_BUILD_DIR}/${UNLOCALIZED_RESOURCES_FOLDER_PATH}/AccessibilityResources.bundle",
			);
			runOnlyForDeploymentPostprocessing = 0;
			shellPath = /bin/sh;
			shellScript = "\"${PODS_ROOT}/Target Support Files/Pods-sol-iOS/Pods-sol-iOS-resources.sh\"\n";
			showEnvVarsInLog = 0;
		};
		7BC40D98CAD1562CFD247217 /* [CP] Check Pods Manifest.lock */ = {
			isa = PBXShellScriptBuildPhase;
			buildActionMask = 2147483647;
			files = (
			);
			inputFileListPaths = (
			);
			inputPaths = (
				"${PODS_PODFILE_DIR_PATH}/Podfile.lock",
				"${PODS_ROOT}/Manifest.lock",
			);
			name = "[CP] Check Pods Manifest.lock";
			outputFileListPaths = (
			);
			outputPaths = (
				"$(DERIVED_FILE_DIR)/Pods-sol-iOS-checkManifestLockResult.txt",
			);
			runOnlyForDeploymentPostprocessing = 0;
			shellPath = /bin/sh;
			shellScript = "diff \"${PODS_PODFILE_DIR_PATH}/Podfile.lock\" \"${PODS_ROOT}/Manifest.lock\" > /dev/null\nif [ $? != 0 ] ; then\n    # print error to STDERR\n    echo \"error: The sandbox is not in sync with the Podfile.lock. Run 'pod install' or update your CocoaPods installation.\" >&2\n    exit 1\nfi\n# This output is used by Xcode 'outputs' to avoid re-running this script phase.\necho \"SUCCESS\" > \"${SCRIPT_OUTPUT_FILE_0}\"\n";
			showEnvVarsInLog = 0;
		};
		86F49EC917AD82D1FFCE0578 /* [CP] Embed Pods Frameworks */ = {
			isa = PBXShellScriptBuildPhase;
			buildActionMask = 2147483647;
			files = (
			);
			inputPaths = (
				"${PODS_ROOT}/Target Support Files/Pods-sol-iOS/Pods-sol-iOS-frameworks.sh",
				"${PODS_XCFRAMEWORKS_BUILD_DIR}/OpenSSL-Universal/OpenSSL.framework/OpenSSL",
			);
			name = "[CP] Embed Pods Frameworks";
			outputPaths = (
				"${TARGET_BUILD_DIR}/${FRAMEWORKS_FOLDER_PATH}/OpenSSL.framework",
			);
			runOnlyForDeploymentPostprocessing = 0;
			shellPath = /bin/sh;
			shellScript = "\"${PODS_ROOT}/Target Support Files/Pods-sol-iOS/Pods-sol-iOS-frameworks.sh\"\n";
			showEnvVarsInLog = 0;
		};
		AB47F5B1B5458AA9DCA44477 /* [CP] Copy Pods Resources */ = {
			isa = PBXShellScriptBuildPhase;
			buildActionMask = 2147483647;
			files = (
			);
			inputPaths = (
				"${PODS_ROOT}/Target Support Files/Pods-sol-macOS/Pods-sol-macOS-resources.sh",
				"${PODS_CONFIGURATION_BUILD_DIR}/React-Core-macOS/AccessibilityResources.bundle",
			);
			name = "[CP] Copy Pods Resources";
			outputPaths = (
				"${TARGET_BUILD_DIR}/${UNLOCALIZED_RESOURCES_FOLDER_PATH}/AccessibilityResources.bundle",
			);
			runOnlyForDeploymentPostprocessing = 0;
			shellPath = /bin/sh;
			shellScript = "\"${PODS_ROOT}/Target Support Files/Pods-sol-macOS/Pods-sol-macOS-resources.sh\"\n";
			showEnvVarsInLog = 0;
		};
		FD10A7F022414F080027D42C /* Start Packager */ = {
			isa = PBXShellScriptBuildPhase;
			buildActionMask = 2147483647;
			files = (
			);
			inputFileListPaths = (
			);
			inputPaths = (
			);
			name = "Start Packager";
			outputFileListPaths = (
			);
			outputPaths = (
			);
			runOnlyForDeploymentPostprocessing = 0;
			shellPath = /bin/sh;
			shellScript = "export RCT_METRO_PORT=\"${RCT_METRO_PORT:=8081}\"\necho \"export RCT_METRO_PORT=${RCT_METRO_PORT}\" > \"${SRCROOT}/../node_modules/react-native-macos/scripts/.packager.env\"\nif [ -z \"${RCT_NO_LAUNCH_PACKAGER+xxx}\" ] ; then\n  if nc -w 5 -z localhost ${RCT_METRO_PORT} ; then\n    if ! curl -s \"http://localhost:${RCT_METRO_PORT}/status\" | grep -q \"packager-status:running\" ; then\n      echo \"Port ${RCT_METRO_PORT} already in use, packager is either not running or not running correctly\"\n      exit 2\n    fi\n  else\n    open \"$SRCROOT/../node_modules/react-native-macos/scripts/launchPackager.command\" || echo \"Can't start packager automatically\"\n  fi\nfi\n";
			showEnvVarsInLog = 0;
		};
/* End PBXShellScriptBuildPhase section */

/* Begin PBXSourcesBuildPhase section */
		13B07F871A680F5B00A75B9A /* Sources */ = {
			isa = PBXSourcesBuildPhase;
			buildActionMask = 2147483647;
			files = (
				13B07FBC1A68108700A75B9A /* AppDelegate.m in Sources */,
				13B07FC11A68108700A75B9A /* main.m in Sources */,
			);
			runOnlyForDeploymentPostprocessing = 0;
		};
		514201452437B4B30078DB4F /* Sources */ = {
			isa = PBXSourcesBuildPhase;
			buildActionMask = 2147483647;
			files = (
				70EA99EA2794967E008E54FD /* AppDelegate.swift in Sources */,
				70F7EBEE2795A68B00CED17A /* MyNSWindowDelegate.swift in Sources */,
			);
			runOnlyForDeploymentPostprocessing = 0;
		};
/* End PBXSourcesBuildPhase section */

/* Begin PBXVariantGroup section */
		13B07FB11A68108700A75B9A /* LaunchScreen.xib */ = {
			isa = PBXVariantGroup;
			children = (
				13B07FB21A68108700A75B9A /* Base */,
			);
			name = LaunchScreen.xib;
			sourceTree = "<group>";
		};
		514201532437B4B40078DB4F /* Main.storyboard */ = {
			isa = PBXVariantGroup;
			children = (
				514201542437B4B40078DB4F /* Base */,
			);
			name = Main.storyboard;
			sourceTree = "<group>";
		};
/* End PBXVariantGroup section */

/* Begin XCBuildConfiguration section */
		13B07F941A680F5B00A75B9A /* Debug */ = {
			isa = XCBuildConfiguration;
			baseConfigurationReference = ED72E6D10D16F914C23B622C /* Pods-sol-iOS.debug.xcconfig */;
			buildSettings = {
				ASSETCATALOG_COMPILER_APPICON_NAME = AppIcon;
				CLANG_ENABLE_MODULES = YES;
				CURRENT_PROJECT_VERSION = 1;
				ENABLE_BITCODE = NO;
				INFOPLIST_FILE = "sol-iOS/Info.plist";
				LD_RUNPATH_SEARCH_PATHS = (
					"$(inherited)",
					"@executable_path/Frameworks",
				);
				OTHER_LDFLAGS = (
					"$(inherited)",
					"-ObjC",
					"-lc++",
				);
				PRODUCT_BUNDLE_IDENTIFIER = com.ospfranco.sol;
				PRODUCT_NAME = sol;
				SWIFT_OPTIMIZATION_LEVEL = "-Onone";
				SWIFT_VERSION = 5.0;
				VERSIONING_SYSTEM = "apple-generic";
			};
			name = Debug;
		};
		13B07F951A680F5B00A75B9A /* Release */ = {
			isa = XCBuildConfiguration;
			baseConfigurationReference = 2CE370B4AB65B44465429F64 /* Pods-sol-iOS.release.xcconfig */;
			buildSettings = {
				ASSETCATALOG_COMPILER_APPICON_NAME = AppIcon;
				CLANG_ENABLE_MODULES = YES;
				CURRENT_PROJECT_VERSION = 1;
				INFOPLIST_FILE = "sol-iOS/Info.plist";
				LD_RUNPATH_SEARCH_PATHS = (
					"$(inherited)",
					"@executable_path/Frameworks",
				);
				OTHER_LDFLAGS = (
					"$(inherited)",
					"-ObjC",
					"-lc++",
				);
				PRODUCT_BUNDLE_IDENTIFIER = com.ospfranco.sol;
				PRODUCT_NAME = sol;
				SWIFT_VERSION = 5.0;
				VERSIONING_SYSTEM = "apple-generic";
			};
			name = Release;
		};
		5142015B2437B4B40078DB4F /* Debug */ = {
			isa = XCBuildConfiguration;
			baseConfigurationReference = 28CB954D981B0B12E61FFF23 /* Pods-sol-macOS.debug.xcconfig */;
			buildSettings = {
				ALWAYS_EMBED_SWIFT_STANDARD_LIBRARIES = YES;
				ASSETCATALOG_COMPILER_APPICON_NAME = AppIcon;
				CLANG_ENABLE_MODULES = YES;
				CURRENT_PROJECT_VERSION = 1;
				DEAD_CODE_STRIPPING = YES;
				INFOPLIST_FILE = "sol-macos/Info.plist";
				LD_RUNPATH_SEARCH_PATHS = (
					"$(inherited)",
					"@executable_path/Frameworks",
				);
				LIBRARY_SEARCH_PATHS = (
					"$(inherited)",
					"\"${PODS_CONFIGURATION_BUILD_DIR}/DoubleConversion-macOS\"",
					"\"${PODS_CONFIGURATION_BUILD_DIR}/FBReactNativeSpec-macOS\"",
					"\"${PODS_CONFIGURATION_BUILD_DIR}/RCT-Folly-macOS\"",
					"\"${PODS_CONFIGURATION_BUILD_DIR}/RCTTypeSafety-macOS\"",
					"\"${PODS_CONFIGURATION_BUILD_DIR}/React-Core-macOS\"",
					"\"${PODS_CONFIGURATION_BUILD_DIR}/React-CoreModules-macOS\"",
					"\"${PODS_CONFIGURATION_BUILD_DIR}/React-RCTAnimation-macOS\"",
					"\"${PODS_CONFIGURATION_BUILD_DIR}/React-RCTBlob-macOS\"",
					"\"${PODS_CONFIGURATION_BUILD_DIR}/React-RCTImage-macOS\"",
					"\"${PODS_CONFIGURATION_BUILD_DIR}/React-RCTLinking-macOS\"",
					"\"${PODS_CONFIGURATION_BUILD_DIR}/React-RCTNetwork-macOS\"",
					"\"${PODS_CONFIGURATION_BUILD_DIR}/React-RCTSettings-macOS\"",
					"\"${PODS_CONFIGURATION_BUILD_DIR}/React-RCTText-macOS\"",
					"\"${PODS_CONFIGURATION_BUILD_DIR}/React-RCTVibration-macOS\"",
					"\"${PODS_CONFIGURATION_BUILD_DIR}/React-cxxreact-macOS\"",
					"\"${PODS_CONFIGURATION_BUILD_DIR}/React-jsi-macOS\"",
					"\"${PODS_CONFIGURATION_BUILD_DIR}/React-jsiexecutor-macOS\"",
					"\"${PODS_CONFIGURATION_BUILD_DIR}/React-jsinspector-macOS\"",
					"\"${PODS_CONFIGURATION_BUILD_DIR}/React-perflogger-macOS\"",
					"\"${PODS_CONFIGURATION_BUILD_DIR}/ReactCommon-macOS\"",
					"\"${PODS_CONFIGURATION_BUILD_DIR}/Yoga-macOS\"",
					"\"${PODS_CONFIGURATION_BUILD_DIR}/glog-macOS\"",
					"\"$(TOOLCHAIN_DIR)/usr/lib/swift-5.2/$(PLATFORM_NAME)\"",
				);
				MACOSX_DEPLOYMENT_TARGET = 10.14;
				OTHER_LDFLAGS = (
					"$(inherited)",
					"-ObjC",
					"-lc++",
				);
				PRODUCT_BUNDLE_IDENTIFIER = "org.reactjs.native.$(PRODUCT_NAME:rfc1034identifier)";
				PRODUCT_NAME = sol;
				SDKROOT = macosx;
				SWIFT_OBJC_BRIDGING_HEADER = "sol-macOS/sol-macOS-Bridging-Header.h";
				SWIFT_OPTIMIZATION_LEVEL = "-Onone";
				SWIFT_VERSION = 5.0;
			};
			name = Debug;
		};
		5142015C2437B4B40078DB4F /* Release */ = {
			isa = XCBuildConfiguration;
			baseConfigurationReference = E38193674F963423ED4771D8 /* Pods-sol-macOS.release.xcconfig */;
			buildSettings = {
				ALWAYS_EMBED_SWIFT_STANDARD_LIBRARIES = YES;
				ASSETCATALOG_COMPILER_APPICON_NAME = AppIcon;
				CLANG_ENABLE_MODULES = YES;
				CURRENT_PROJECT_VERSION = 1;
				DEAD_CODE_STRIPPING = YES;
				INFOPLIST_FILE = "sol-macos/Info.plist";
				LD_RUNPATH_SEARCH_PATHS = (
					"$(inherited)",
					"@executable_path/Frameworks",
				);
				LIBRARY_SEARCH_PATHS = (
					"$(inherited)",
					"\"${PODS_CONFIGURATION_BUILD_DIR}/DoubleConversion-macOS\"",
					"\"${PODS_CONFIGURATION_BUILD_DIR}/FBReactNativeSpec-macOS\"",
					"\"${PODS_CONFIGURATION_BUILD_DIR}/RCT-Folly-macOS\"",
					"\"${PODS_CONFIGURATION_BUILD_DIR}/RCTTypeSafety-macOS\"",
					"\"${PODS_CONFIGURATION_BUILD_DIR}/React-Core-macOS\"",
					"\"${PODS_CONFIGURATION_BUILD_DIR}/React-CoreModules-macOS\"",
					"\"${PODS_CONFIGURATION_BUILD_DIR}/React-RCTAnimation-macOS\"",
					"\"${PODS_CONFIGURATION_BUILD_DIR}/React-RCTBlob-macOS\"",
					"\"${PODS_CONFIGURATION_BUILD_DIR}/React-RCTImage-macOS\"",
					"\"${PODS_CONFIGURATION_BUILD_DIR}/React-RCTLinking-macOS\"",
					"\"${PODS_CONFIGURATION_BUILD_DIR}/React-RCTNetwork-macOS\"",
					"\"${PODS_CONFIGURATION_BUILD_DIR}/React-RCTSettings-macOS\"",
					"\"${PODS_CONFIGURATION_BUILD_DIR}/React-RCTText-macOS\"",
					"\"${PODS_CONFIGURATION_BUILD_DIR}/React-RCTVibration-macOS\"",
					"\"${PODS_CONFIGURATION_BUILD_DIR}/React-cxxreact-macOS\"",
					"\"${PODS_CONFIGURATION_BUILD_DIR}/React-jsi-macOS\"",
					"\"${PODS_CONFIGURATION_BUILD_DIR}/React-jsiexecutor-macOS\"",
					"\"${PODS_CONFIGURATION_BUILD_DIR}/React-jsinspector-macOS\"",
					"\"${PODS_CONFIGURATION_BUILD_DIR}/React-perflogger-macOS\"",
					"\"${PODS_CONFIGURATION_BUILD_DIR}/ReactCommon-macOS\"",
					"\"${PODS_CONFIGURATION_BUILD_DIR}/Yoga-macOS\"",
					"\"${PODS_CONFIGURATION_BUILD_DIR}/glog-macOS\"",
					"\"$(TOOLCHAIN_DIR)/usr/lib/swift-5.2/$(PLATFORM_NAME)\"",
				);
				MACOSX_DEPLOYMENT_TARGET = 10.14;
				OTHER_LDFLAGS = (
					"$(inherited)",
					"-ObjC",
					"-lc++",
				);
				PRODUCT_BUNDLE_IDENTIFIER = "org.reactjs.native.$(PRODUCT_NAME:rfc1034identifier)";
				PRODUCT_NAME = sol;
				SDKROOT = macosx;
				SWIFT_OBJC_BRIDGING_HEADER = "sol-macOS/sol-macOS-Bridging-Header.h";
				SWIFT_VERSION = 5.0;
			};
			name = Release;
		};
		83CBBA201A601CBA00E9B192 /* Debug */ = {
			isa = XCBuildConfiguration;
			buildSettings = {
				ALWAYS_SEARCH_USER_PATHS = NO;
				CLANG_ANALYZER_LOCALIZABILITY_NONLOCALIZED = YES;
				CLANG_CXX_LANGUAGE_STANDARD = "gnu++0x";
				CLANG_CXX_LIBRARY = "libc++";
				CLANG_ENABLE_MODULES = YES;
				CLANG_ENABLE_OBJC_ARC = YES;
				CLANG_WARN_BLOCK_CAPTURE_AUTORELEASING = YES;
				CLANG_WARN_BOOL_CONVERSION = YES;
				CLANG_WARN_COMMA = YES;
				CLANG_WARN_CONSTANT_CONVERSION = YES;
				CLANG_WARN_DEPRECATED_OBJC_IMPLEMENTATIONS = YES;
				CLANG_WARN_DIRECT_OBJC_ISA_USAGE = YES_ERROR;
				CLANG_WARN_EMPTY_BODY = YES;
				CLANG_WARN_ENUM_CONVERSION = YES;
				CLANG_WARN_INFINITE_RECURSION = YES;
				CLANG_WARN_INT_CONVERSION = YES;
				CLANG_WARN_NON_LITERAL_NULL_CONVERSION = YES;
				CLANG_WARN_OBJC_IMPLICIT_RETAIN_SELF = YES;
				CLANG_WARN_OBJC_LITERAL_CONVERSION = YES;
				CLANG_WARN_OBJC_ROOT_CLASS = YES_ERROR;
				CLANG_WARN_RANGE_LOOP_ANALYSIS = YES;
				CLANG_WARN_STRICT_PROTOTYPES = YES;
				CLANG_WARN_SUSPICIOUS_MOVE = YES;
				CLANG_WARN_UNREACHABLE_CODE = YES;
				CLANG_WARN__DUPLICATE_METHOD_MATCH = YES;
				"CODE_SIGN_IDENTITY[sdk=iphoneos*]" = "iPhone Developer";
				COPY_PHASE_STRIP = NO;
				ENABLE_STRICT_OBJC_MSGSEND = YES;
				ENABLE_TESTABILITY = YES;
				GCC_C_LANGUAGE_STANDARD = gnu99;
				GCC_DYNAMIC_NO_PIC = NO;
				GCC_NO_COMMON_BLOCKS = YES;
				GCC_OPTIMIZATION_LEVEL = 0;
				GCC_PREPROCESSOR_DEFINITIONS = (
					"DEBUG=1",
					"$(inherited)",
				);
				GCC_SYMBOLS_PRIVATE_EXTERN = NO;
				GCC_WARN_64_TO_32_BIT_CONVERSION = YES;
				GCC_WARN_ABOUT_RETURN_TYPE = YES_ERROR;
				GCC_WARN_UNDECLARED_SELECTOR = YES;
				GCC_WARN_UNINITIALIZED_AUTOS = YES_AGGRESSIVE;
				GCC_WARN_UNUSED_FUNCTION = YES;
				GCC_WARN_UNUSED_VARIABLE = YES;
				IPHONEOS_DEPLOYMENT_TARGET = 9.0;
				LD_RUNPATH_SEARCH_PATHS = (
					/usr/lib/swift,
					"$(inherited)",
				);
				LIBRARY_SEARCH_PATHS = (
					"\"$(TOOLCHAIN_DIR)/usr/lib/swift-5.2/$(PLATFORM_NAME)\"",
					"\"$(inherited)\"",
				);
				MTL_ENABLE_DEBUG_INFO = YES;
				ONLY_ACTIVE_ARCH = YES;
				SDKROOT = iphoneos;
			};
			name = Debug;
		};
		83CBBA211A601CBA00E9B192 /* Release */ = {
			isa = XCBuildConfiguration;
			buildSettings = {
				ALWAYS_SEARCH_USER_PATHS = NO;
				CLANG_ANALYZER_LOCALIZABILITY_NONLOCALIZED = YES;
				CLANG_CXX_LANGUAGE_STANDARD = "gnu++0x";
				CLANG_CXX_LIBRARY = "libc++";
				CLANG_ENABLE_MODULES = YES;
				CLANG_ENABLE_OBJC_ARC = YES;
				CLANG_WARN_BLOCK_CAPTURE_AUTORELEASING = YES;
				CLANG_WARN_BOOL_CONVERSION = YES;
				CLANG_WARN_COMMA = YES;
				CLANG_WARN_CONSTANT_CONVERSION = YES;
				CLANG_WARN_DEPRECATED_OBJC_IMPLEMENTATIONS = YES;
				CLANG_WARN_DIRECT_OBJC_ISA_USAGE = YES_ERROR;
				CLANG_WARN_EMPTY_BODY = YES;
				CLANG_WARN_ENUM_CONVERSION = YES;
				CLANG_WARN_INFINITE_RECURSION = YES;
				CLANG_WARN_INT_CONVERSION = YES;
				CLANG_WARN_NON_LITERAL_NULL_CONVERSION = YES;
				CLANG_WARN_OBJC_IMPLICIT_RETAIN_SELF = YES;
				CLANG_WARN_OBJC_LITERAL_CONVERSION = YES;
				CLANG_WARN_OBJC_ROOT_CLASS = YES_ERROR;
				CLANG_WARN_RANGE_LOOP_ANALYSIS = YES;
				CLANG_WARN_STRICT_PROTOTYPES = YES;
				CLANG_WARN_SUSPICIOUS_MOVE = YES;
				CLANG_WARN_UNREACHABLE_CODE = YES;
				CLANG_WARN__DUPLICATE_METHOD_MATCH = YES;
				"CODE_SIGN_IDENTITY[sdk=iphoneos*]" = "iPhone Developer";
				COPY_PHASE_STRIP = YES;
				ENABLE_NS_ASSERTIONS = NO;
				ENABLE_STRICT_OBJC_MSGSEND = YES;
				GCC_C_LANGUAGE_STANDARD = gnu99;
				GCC_NO_COMMON_BLOCKS = YES;
				GCC_WARN_64_TO_32_BIT_CONVERSION = YES;
				GCC_WARN_ABOUT_RETURN_TYPE = YES_ERROR;
				GCC_WARN_UNDECLARED_SELECTOR = YES;
				GCC_WARN_UNINITIALIZED_AUTOS = YES_AGGRESSIVE;
				GCC_WARN_UNUSED_FUNCTION = YES;
				GCC_WARN_UNUSED_VARIABLE = YES;
				IPHONEOS_DEPLOYMENT_TARGET = 9.0;
				LD_RUNPATH_SEARCH_PATHS = (
					/usr/lib/swift,
					"$(inherited)",
				);
				LIBRARY_SEARCH_PATHS = (
					"\"$(TOOLCHAIN_DIR)/usr/lib/swift-5.2/$(PLATFORM_NAME)\"",
					"\"$(inherited)\"",
				);
				MTL_ENABLE_DEBUG_INFO = NO;
				SDKROOT = iphoneos;
				VALIDATE_PRODUCT = YES;
			};
			name = Release;
		};
/* End XCBuildConfiguration section */

/* Begin XCConfigurationList section */
		13B07F931A680F5B00A75B9A /* Build configuration list for PBXNativeTarget "sol-iOS" */ = {
			isa = XCConfigurationList;
			buildConfigurations = (
				13B07F941A680F5B00A75B9A /* Debug */,
				13B07F951A680F5B00A75B9A /* Release */,
			);
			defaultConfigurationIsVisible = 0;
			defaultConfigurationName = Release;
		};
		5142015A2437B4B40078DB4F /* Build configuration list for PBXNativeTarget "sol-macOS" */ = {
			isa = XCConfigurationList;
			buildConfigurations = (
				5142015B2437B4B40078DB4F /* Debug */,
				5142015C2437B4B40078DB4F /* Release */,
			);
			defaultConfigurationIsVisible = 0;
			defaultConfigurationName = Release;
		};
		83CBB9FA1A601CBA00E9B192 /* Build configuration list for PBXProject "sol" */ = {
			isa = XCConfigurationList;
			buildConfigurations = (
				83CBBA201A601CBA00E9B192 /* Debug */,
				83CBBA211A601CBA00E9B192 /* Release */,
			);
			defaultConfigurationIsVisible = 0;
			defaultConfigurationName = Release;
		};
/* End XCConfigurationList section */

/* Begin XCRemoteSwiftPackageReference section */
		70F7EBEF2795A85200CED17A /* XCRemoteSwiftPackageReference "HotKey" */ = {
			isa = XCRemoteSwiftPackageReference;
			repositoryURL = "https://github.com/soffes/HotKey";
			requirement = {
				branch = master;
				kind = branch;
			};
		};
/* End XCRemoteSwiftPackageReference section */

/* Begin XCSwiftPackageProductDependency section */
		70F7EBF02795A85200CED17A /* HotKey */ = {
			isa = XCSwiftPackageProductDependency;
			package = 70F7EBEF2795A85200CED17A /* XCRemoteSwiftPackageReference "HotKey" */;
			productName = HotKey;
		};
/* End XCSwiftPackageProductDependency section */
	};
	rootObject = 83CBB9F71A601CBA00E9B192 /* Project object */;
}
